<?xml version="1.0" encoding="utf-8"?>
<Project ToolsVersion="4.0" xmlns="http://schemas.microsoft.com/developer/msbuild/2003">
  <ItemGroup>
    <ClInclude Include="src\rt\ray\RayBufferKernels.hpp">
      <Filter>ray</Filter>
    </ClInclude>
    <ClInclude Include="src\rt\bvh\HLBVH\radixSort.hpp">
      <Filter>hybrid</Filter>
    </ClInclude>
    <ClInclude Include="src\rt\cuda\RendererKernels.hpp">
      <Filter>shading</Filter>
    </ClInclude>
    <ClInclude Include="src\rt\ray\RayGenKernels.hpp">
      <Filter>ray</Filter>
    </ClInclude>
    <ClInclude Include="src\rt\persistentds\CudaPool.hpp">
      <Filter>persistentds</Filter>
    </ClInclude>
    <ClInclude Include="src\rt\persistentds\CudaTracerDefines.h">
      <Filter>persistentds</Filter>
    </ClInclude>
    <ClInclude Include="src\rt\persistentds\Allocators.hpp">
      <Filter>persistentds</Filter>
    </ClInclude>
    <ClInclude Include="src\rt\persistentds\ScatterAlloc\utils.h">
      <Filter>persistentds\ScatterAlloc</Filter>
    </ClInclude>
  </ItemGroup>
  <ItemGroup>
    <CudaCompile Include="src\rt\kernels\fermi_speculative_while_while.cu">
      <Filter>traversal</Filter>
    </CudaCompile>
    <CudaCompile Include="src\rt\kernels\tesla_persistent_while_while.cu">
      <Filter>traversal</Filter>
    </CudaCompile>
    <CudaCompile Include="src\rt\kernels\kepler_dynamic_fetch.cu">
      <Filter>traversal</Filter>
    </CudaCompile>
    <CudaCompile Include="src\rt\kernels\tesla_persistent_packet.cu">
      <Filter>traversal</Filter>
    </CudaCompile>
    <CudaCompile Include="src\rt\kernels\tesla_persistent_speculative_while_while.cu">
      <Filter>traversal</Filter>
    </CudaCompile>
    <CudaCompile Include="src\rt\kernels\fermi_kdtree_while_while_leafRef.cu">
      <Filter>traversal</Filter>
    </CudaCompile>
    <CudaCompile Include="src\rt\ray\RayGenKernels.cu">
      <Filter>ray</Filter>
    </CudaCompile>
    <CudaCompile Include="src\rt\ray\RayBufferKernels.cu">
      <Filter>ray</Filter>
    </CudaCompile>
    <CudaCompile Include="src\rt\bvh\HLBVH\emitTreeKernel.cu">
      <Filter>hybrid</Filter>
    </CudaCompile>
    <CudaCompile Include="src\rt\bvh\HLBVH\radixSort.cu">
      <Filter>hybrid</Filter>
    </CudaCompile>
    <CudaCompile Include="src\rt\cuda\RendererKernels.cu">
      <Filter>shading</Filter>
    </CudaCompile>
    <CudaCompile Include="src\rt\kernels\otracer_basic.cu">
      <Filter>traversal</Filter>
    </CudaCompile>
    <CudaCompile Include="src\rt\kernels\otracer_shading.cu">
      <Filter>traversal</Filter>
    </CudaCompile>
    <CudaCompile Include="src\rt\kernels\otracer_bidir.cu">
      <Filter>traversal</Filter>
    </CudaCompile>
    <CudaCompile Include="src\rt\persistentds\persistent_bvh.cu">
      <Filter>persistentds</Filter>
    </CudaCompile>
    <CudaCompile Include="src\rt\persistentds\rt_common.cu">
      <Filter>persistentds</Filter>
    </CudaCompile>
    <CudaCompile Include="src\rt\persistentds\pool_common.cu">
      <Filter>persistentds</Filter>
    </CudaCompile>
    <CudaCompile Include="src\rt\persistentds\warp_common.cu">
      <Filter>persistentds</Filter>
    </CudaCompile>
    <CudaCompile Include="src\rt\persistentds\allocators.cu">
      <Filter>persistentds</Filter>
    </CudaCompile>
    <CudaCompile Include="src\rt\kernels\otracer_color.cu">
      <Filter>traversal</Filter>
    </CudaCompile>
    <CudaCompile Include="src\rt\kernels\otracer_transparency.cu">
      <Filter>traversal</Filter>
    </CudaCompile>
    <CudaCompile Include="src\rt\persistentds\persistent_kdtree.cu">
      <Filter>persistentds</Filter>
    </CudaCompile>
  </ItemGroup>
  <ItemGroup>
    <Filter Include="traversal">
      <UniqueIdentifier>{fffde6d3-1750-4942-ba40-478d8ed46b8f}</UniqueIdentifier>
    </Filter>
    <Filter Include="ray">
      <UniqueIdentifier>{53b858d5-2ddb-476c-9f36-ee4e69e492ae}</UniqueIdentifier>
    </Filter>
    <Filter Include="hybrid">
      <UniqueIdentifier>{5f601924-9309-45f7-81d7-488f4f697247}</UniqueIdentifier>
    </Filter>
    <Filter Include="shading">
      <UniqueIdentifier>{8b5af90d-086c-47b8-91f5-bf8520b94b9c}</UniqueIdentifier>
    </Filter>
    <Filter Include="persistentds">
      <UniqueIdentifier>{66f12106-32b5-4c56-ae8c-644d15a21f6b}</UniqueIdentifier>
    </Filter>
    <Filter Include="persistentds\ScatterAlloc">
      <UniqueIdentifier>{23223281-0bed-4946-bb7b-519c45b0c867}</UniqueIdentifier>
    </Filter>
  </ItemGroup>
  <ItemGroup>
    <None Include="src\rt\bvh\HLBVH\emitTreeKernel.cuh">
      <Filter>hybrid</Filter>
    </None>
    <None Include="src\rt\persistentds\rt_common.cuh">
      <Filter>persistentds</Filter>
    </None>
    <None Include="src\rt\persistentds\warp_common.cuh">
      <Filter>persistentds</Filter>
    </None>
    <None Include="src\rt\persistentds\tri_box_overlap.cuh">
      <Filter>persistentds</Filter>
    </None>
    <None Include="src\rt\persistentds\ScatterAlloc\heap.cuh">
      <Filter>persistentds\ScatterAlloc</Filter>
    </None>
    <None Include="src\rt\persistentds\ScatterAlloc\heap_impl.cuh">
      <Filter>persistentds\ScatterAlloc</Filter>
    </None>
    <None Include="src\rt\kernels\otracer_func.cuh">
      <Filter>traversal</Filter>
    </None>
  </ItemGroup>
</Project>