<?xml version="1.0" encoding="utf-8"?>
<Project ToolsVersion="4.0" xmlns="http://schemas.microsoft.com/developer/msbuild/2003">
  <ItemGroup>
    <Filter Include="bvh">
      <UniqueIdentifier>{71872d8d-a305-4e52-8848-baf034a82660}</UniqueIdentifier>
    </Filter>
    <Filter Include="cuda">
      <UniqueIdentifier>{82320b35-4c68-416e-a413-91a010154eea}</UniqueIdentifier>
    </Filter>
    <Filter Include="kernels">
      <UniqueIdentifier>{342d34a4-9d21-4559-8e4b-33dfbc57d47f}</UniqueIdentifier>
    </Filter>
    <Filter Include="ray">
      <UniqueIdentifier>{3920db06-697c-4abf-a3ec-ed1c06b94c0c}</UniqueIdentifier>
    </Filter>
    <Filter Include="tools">
      <UniqueIdentifier>{1dbfffbf-1dfe-4235-a3ae-871e06844711}</UniqueIdentifier>
    </Filter>
    <Filter Include="kdtree">
      <UniqueIdentifier>{cee180ec-28e7-42a5-b40b-b70ea5063c24}</UniqueIdentifier>
    </Filter>
    <Filter Include="acceleration">
      <UniqueIdentifier>{58d79ef0-d4d8-4ab5-81a4-a966ed420928}</UniqueIdentifier>
    </Filter>
    <Filter Include="bvh\HLBVH">
      <UniqueIdentifier>{5324f46a-b961-4591-aed2-6fd1ddf4e2a0}</UniqueIdentifier>
    </Filter>
  </ItemGroup>
  <ItemGroup>
    <ClCompile Include="src\rt\bvh\BVH.cpp">
      <Filter>bvh</Filter>
    </ClCompile>
    <ClCompile Include="src\rt\bvh\BVHNode.cpp">
      <Filter>bvh</Filter>
    </ClCompile>
    <ClCompile Include="src\rt\bvh\Platform.cpp">
      <Filter>bvh</Filter>
    </ClCompile>
    <ClCompile Include="src\rt\bvh\SplitBVHBuilder.cpp">
      <Filter>bvh</Filter>
    </ClCompile>
    <ClCompile Include="src\rt\cuda\CudaBVH.cpp">
      <Filter>cuda</Filter>
    </ClCompile>
    <ClCompile Include="src\rt\cuda\Renderer.cpp">
      <Filter>cuda</Filter>
    </ClCompile>
    <ClCompile Include="src\rt\ray\PixelTable.cpp">
      <Filter>ray</Filter>
    </ClCompile>
    <ClCompile Include="src\rt\ray\RayBuffer.cpp">
      <Filter>ray</Filter>
    </ClCompile>
    <ClCompile Include="src\rt\ray\RayGen.cpp">
      <Filter>ray</Filter>
    </ClCompile>
    <ClCompile Include="src\rt\App.cpp" />
    <ClCompile Include="src\rt\Scene.cpp" />
    <ClCompile Include="src\rt\Util.cpp" />
    <ClCompile Include="src\rt\bvh\SAHBVHBuilder.cpp">
      <Filter>bvh</Filter>
    </ClCompile>
    <ClCompile Include="src\rt\Environment.cpp" />
    <ClCompile Include="src\rt\cuda\CPURenderer.cpp">
      <Filter>cuda</Filter>
    </ClCompile>
    <ClCompile Include="src\rt\cuda\CudaRenderer.cpp">
      <Filter>cuda</Filter>
    </ClCompile>
    <ClCompile Include="src\rt\kdtree\FastKDTreeBuilder.cpp">
      <Filter>kdtree</Filter>
    </ClCompile>
    <ClCompile Include="src\rt\kdtree\KDTree.cpp">
      <Filter>kdtree</Filter>
    </ClCompile>
    <ClCompile Include="src\rt\kdtree\KDTreeNode.cpp">
      <Filter>kdtree</Filter>
    </ClCompile>
    <ClCompile Include="src\rt\kdtree\NaiveKDTreeBuilder.cpp">
      <Filter>kdtree</Filter>
    </ClCompile>
    <ClCompile Include="src\rt\acceleration\Acceleration.cpp">
      <Filter>acceleration</Filter>
    </ClCompile>
    <ClCompile Include="src\rt\cuda\CudaAS.cpp">
      <Filter>cuda</Filter>
    </ClCompile>
    <ClCompile Include="src\rt\cuda\CudaKDTree.cpp">
      <Filter>cuda</Filter>
    </ClCompile>
    <ClCompile Include="src\rt\cuda\CudaKDTreeTracer.cpp">
      <Filter>cuda</Filter>
    </ClCompile>
    <ClCompile Include="src\rt\cuda\CudaBVHTracer.cpp">
      <Filter>cuda</Filter>
    </ClCompile>
    <ClCompile Include="src\rt\tools\VisualizationKDTree.cpp">
      <Filter>tools</Filter>
    </ClCompile>
    <ClCompile Include="src\rt\tools\VisualizationBVH.cpp">
      <Filter>tools</Filter>
    </ClCompile>
    <ClCompile Include="src\rt\tools\Visualization.cpp">
      <Filter>tools</Filter>
    </ClCompile>
    <ClCompile Include="src\rt\AppEnvironment.cpp" />
    <ClCompile Include="src\rt\bvh\HLBVH\HLBVHBuilder.cpp">
      <Filter>bvh\HLBVH</Filter>
    </ClCompile>
  </ItemGroup>
  <ItemGroup>
    <ClInclude Include="src\rt\bvh\BVH.hpp">
      <Filter>bvh</Filter>
    </ClInclude>
    <ClInclude Include="src\rt\bvh\BVHNode.hpp">
      <Filter>bvh</Filter>
    </ClInclude>
    <ClInclude Include="src\rt\bvh\Platform.hpp">
      <Filter>bvh</Filter>
    </ClInclude>
    <ClInclude Include="src\rt\bvh\SplitBVHBuilder.hpp">
      <Filter>bvh</Filter>
    </ClInclude>
    <ClInclude Include="src\rt\cuda\CudaBVH.hpp">
      <Filter>cuda</Filter>
    </ClInclude>
    <ClInclude Include="src\rt\cuda\Renderer.hpp">
      <Filter>cuda</Filter>
    </ClInclude>
    <ClInclude Include="src\rt\kernels\CudaTracerKernels.hpp">
      <Filter>kernels</Filter>
    </ClInclude>
    <ClInclude Include="src\rt\ray\PixelTable.hpp">
      <Filter>ray</Filter>
    </ClInclude>
    <ClInclude Include="src\rt\ray\RayBuffer.hpp">
      <Filter>ray</Filter>
    </ClInclude>
    <ClInclude Include="src\rt\ray\RayGen.hpp">
      <Filter>ray</Filter>
    </ClInclude>
    <ClInclude Include="src\rt\App.hpp" />
    <ClInclude Include="src\rt\Scene.hpp" />
    <ClInclude Include="src\rt\Util.hpp" />
    <ClInclude Include="src\rt\bvh\SAHBVHBuilder.hpp">
      <Filter>bvh</Filter>
    </ClInclude>
    <ClInclude Include="src\rt\Environment.h" />
    <ClInclude Include="src\rt\cuda\CPURenderer.hpp">
      <Filter>cuda</Filter>
    </ClInclude>
    <ClInclude Include="src\rt\cuda\CudaRenderer.hpp">
      <Filter>cuda</Filter>
    </ClInclude>
    <ClInclude Include="src\rt\kdtree\FastKDTreeBuilder.hpp">
      <Filter>kdtree</Filter>
    </ClInclude>
    <ClInclude Include="src\rt\kdtree\KDTree.hpp">
      <Filter>kdtree</Filter>
    </ClInclude>
    <ClInclude Include="src\rt\kdtree\KDTreeNode.hpp">
      <Filter>kdtree</Filter>
    </ClInclude>
    <ClInclude Include="src\rt\kdtree\NaiveKDTreeBuilder.hpp">
      <Filter>kdtree</Filter>
    </ClInclude>
    <ClInclude Include="src\rt\acceleration\Acceleration.hpp">
      <Filter>acceleration</Filter>
    </ClInclude>
    <ClInclude Include="src\rt\cuda\CudaAS.hpp">
      <Filter>cuda</Filter>
    </ClInclude>
    <ClInclude Include="src\rt\cuda\CudaKDTree.hpp">
      <Filter>cuda</Filter>
    </ClInclude>
    <ClInclude Include="src\rt\cuda\CudaKDTreeTracer.hpp">
      <Filter>cuda</Filter>
    </ClInclude>
    <ClInclude Include="src\rt\cuda\CudaVirtualTracer.hpp">
      <Filter>cuda</Filter>
    </ClInclude>
    <ClInclude Include="src\rt\cuda\CudaBVHTracer.hpp">
      <Filter>cuda</Filter>
    </ClInclude>
    <ClInclude Include="src\rt\tools\VisualizationKDTree.hpp">
      <Filter>tools</Filter>
    </ClInclude>
    <ClInclude Include="src\rt\tools\Visualization.hpp">
      <Filter>tools</Filter>
    </ClInclude>
    <ClInclude Include="src\rt\tools\VisualizationBVH.hpp">
      <Filter>tools</Filter>
    </ClInclude>
    <ClInclude Include="src\rt\AppEnvironment.h" />
    <ClInclude Include="src\rt\bvh\HLBVH\HLBVHBuilder.hpp">
      <Filter>bvh\HLBVH</Filter>
    </ClInclude>
    <ClInclude Include="src\rt\bvh\HLBVH\radixSort.hpp">
      <Filter>bvh\HLBVH</Filter>
    </ClInclude>
  </ItemGroup>
</Project>