<?xml version="1.0" encoding="utf-8"?>
<Project ToolsVersion="4.0" xmlns="http://schemas.microsoft.com/developer/msbuild/2003">
  <ItemGroup>
    <Filter Include="bvh">
      <UniqueIdentifier>{78c4dfb1-a6d9-4afd-ab36-9e8766fdb5c5}</UniqueIdentifier>
    </Filter>
    <Filter Include="bvh\HLBVH">
      <UniqueIdentifier>{09d38873-dc0c-47fc-9302-f79a22e5ca14}</UniqueIdentifier>
    </Filter>
  </ItemGroup>
  <ItemGroup>
    <CudaCompile Include="..\src\rt\bvh\HLBVH\emitTreeKernel.cu">
      <Filter>bvh\HLBVH</Filter>
    </CudaCompile>
    <CudaCompile Include="..\src\rt\bvh\HLBVH\radixSort.cu">
      <Filter>bvh\HLBVH</Filter>
    </CudaCompile>
  </ItemGroup>
  <ItemGroup>
    <None Include="..\src\rt\bvh\HLBVH\emitTreeKernel.cuh.bak">
      <Filter>bvh\HLBVH</Filter>
    </None>
    <None Include="..\src\rt\bvh\HLBVH\emitTreeKernel.cuh">
      <Filter>bvh\HLBVH</Filter>
    </None>
  </ItemGroup>
</Project>